
Microsoft Visual Studio Solution File, Format Version 12.00
# Visual Studio Version 16
VisualStudioVersion = 16.0.30611.23
MinimumVisualStudioVersion = 10.0.40219.1
Project("{FAE04EC0-301F-11D3-BF4B-00C04F79EFBC}") = "BIPJ-Grp2-Team5", "BIPJ-Grp2-Team5\BIPJ-Grp2-Team5.csproj", "{B04696DF-3229-4D70-BC4F-F21F1F202E1C}"
EndProject
Global
	GlobalSection(SolutionConfigurationPlatforms) = preSolution
		Debug|Any CPU = Debug|Any CPU
		Release|Any CPU = Release|Any CPU
	EndGlobalSection
	GlobalSection(ProjectConfigurationPlatforms) = postSolution
		{B04696DF-3229-4D70-BC4F-F21F1F202E1C}.Debug|Any CPU.ActiveCfg = Debug|Any CPU
		{B04696DF-3229-4D70-BC4F-F21F1F202E1C}.Debug|Any CPU.Build.0 = Debug|Any CPU
		{B04696DF-3229-4D70-BC4F-F21F1F202E1C}.Release|Any CPU.ActiveCfg = Release|Any CPU
		{B04696DF-3229-4D70-BC4F-F21F1F202E1C}.Release|Any CPU.Build.0 = Release|Any CPU
	EndGlobalSection
	GlobalSection(SolutionProperties) = preSolution
		HideSolutionNode = FALSE
	EndGlobalSection
	GlobalSection(ExtensibilityGlobals) = postSolution
		SolutionGuid = {3C86FB6B-D0E6-4D5B-A025-B993EE7C25D5}
	EndGlobalSection
EndGlobal
